
Microsoft Visual Studio Solution File, Format Version 12.00
# Visual Studio Version 17
VisualStudioVersion = 17.7.34202.233
MinimumVisualStudioVersion = 10.0.40219.1
Project("{F184B08F-C81C-45F6-A57F-5ABD9991F28F}") = "latihanPertemuan6", "latihanPertemuan6.vbproj", "{E5AC63EA-EC3F-49A2-AB53-7DA1886EF27E}"
EndProject
Global
	GlobalSection(SolutionConfigurationPlatforms) = preSolution
		Debug|Any CPU = Debug|Any CPU
		Release|Any CPU = Release|Any CPU
	EndGlobalSection
	GlobalSection(ProjectConfigurationPlatforms) = postSolution
		{E5AC63EA-EC3F-49A2-AB53-7DA1886EF27E}.Debug|Any CPU.ActiveCfg = Debug|Any CPU
		{E5AC63EA-EC3F-49A2-AB53-7DA1886EF27E}.Debug|Any CPU.Build.0 = Debug|Any CPU
		{E5AC63EA-EC3F-49A2-AB53-7DA1886EF27E}.Release|Any CPU.ActiveCfg = Release|Any CPU
		{E5AC63EA-EC3F-49A2-AB53-7DA1886EF27E}.Release|Any CPU.Build.0 = Release|Any CPU
	EndGlobalSection
	GlobalSection(SolutionProperties) = preSolution
		HideSolutionNode = FALSE
	EndGlobalSection
	GlobalSection(ExtensibilityGlobals) = postSolution
		SolutionGuid = {82CE3C6E-AFF2-410B-ADF0-0A5FDCAF4AB2}
	EndGlobalSection
EndGlobal
